Microsoft Visual Studio Solution File, Format Version 12.00
# Visual Studio 14
VisualStudioVersion = 14.0.25420.1
MinimumVisualStudioVersion = 10.0.40219.1
Project("{2150E333-8FDC-42A3-9474-1A3956D46DE8}") = "src", "src", "{0C1F9C25-7092-46CF-B1E7-227060CD59E0}"
EndProject
Project("{2150E333-8FDC-42A3-9474-1A3956D46DE8}") = "Solution Items", "Solution Items", "{A385F406-F27B-4ECF-9E3D-9EDAC72EE0D8}"
	ProjectSection(SolutionItems) = preProject
		global.json = global.json
	EndProjectSection
EndProject
Project("{8BB2217D-0F2D-49D1-97BC-3654ED321F3B}") = "Quantium.Recruitment.Portal", "src\Quantium.Recruitment.Portal\Quantium.Recruitment.Portal.xproj", "{65A5821F-324E-4663-88E1-F7959428EA8B}"
EndProject
Project("{FAE04EC0-301F-11D3-BF4B-00C04F79EFBC}") = "Quantium.Recruitment.Entities", "Quantium.Recruitment.Entities\Quantium.Recruitment.Entities.csproj", "{91712D9B-320D-4A2E-823D-89A00F349B61}"
EndProject
Project("{FAE04EC0-301F-11D3-BF4B-00C04F79EFBC}") = "Quantium.Recruitment.DbUpdate", "Quantium.Recruitment.DbUpdate\Quantium.Recruitment.DbUpdate.csproj", "{5955912C-1B07-49F5-BEB3-9F51F9100A00}"
EndProject
Project("{FAE04EC0-301F-11D3-BF4B-00C04F79EFBC}") = "Quantium.Recruitment.Common", "Quantium.Recruitment.Common\Quantium.Recruitment.Common.csproj", "{1A5F16AB-0F02-4CAE-81AB-CAF8AB31E124}"
EndProject
Project("{FAE04EC0-301F-11D3-BF4B-00C04F79EFBC}") = "Quantium.Recruitment.Infrastructure", "Quantium.Recruitment.Infrastructure\Quantium.Recruitment.Infrastructure.csproj", "{88DB56FC-2E35-4FFF-9D9E-84CBEA135917}"
EndProject
Project("{FAE04EC0-301F-11D3-BF4B-00C04F79EFBC}") = "Quantium.Recruitment.Services", "Quantium.Recruitment.Services\Quantium.Recruitment.Services.csproj", "{6BB69AFF-E145-4A2A-A534-00081217D823}"
EndProject
Global
	GlobalSection(SolutionConfigurationPlatforms) = preSolution
		Debug|Any CPU = Debug|Any CPU
		Release|Any CPU = Release|Any CPU
	EndGlobalSection
	GlobalSection(ProjectConfigurationPlatforms) = postSolution
		{65A5821F-324E-4663-88E1-F7959428EA8B}.Debug|Any CPU.ActiveCfg = Debug|Any CPU
		{65A5821F-324E-4663-88E1-F7959428EA8B}.Debug|Any CPU.Build.0 = Debug|Any CPU
		{65A5821F-324E-4663-88E1-F7959428EA8B}.Release|Any CPU.ActiveCfg = Release|Any CPU
		{65A5821F-324E-4663-88E1-F7959428EA8B}.Release|Any CPU.Build.0 = Release|Any CPU
		{91712D9B-320D-4A2E-823D-89A00F349B61}.Debug|Any CPU.ActiveCfg = Debug|Any CPU
		{91712D9B-320D-4A2E-823D-89A00F349B61}.Debug|Any CPU.Build.0 = Debug|Any CPU
		{91712D9B-320D-4A2E-823D-89A00F349B61}.Release|Any CPU.ActiveCfg = Release|Any CPU
		{91712D9B-320D-4A2E-823D-89A00F349B61}.Release|Any CPU.Build.0 = Release|Any CPU
		{5955912C-1B07-49F5-BEB3-9F51F9100A00}.Debug|Any CPU.ActiveCfg = Debug|Any CPU
		{5955912C-1B07-49F5-BEB3-9F51F9100A00}.Debug|Any CPU.Build.0 = Debug|Any CPU
		{5955912C-1B07-49F5-BEB3-9F51F9100A00}.Release|Any CPU.ActiveCfg = Release|Any CPU
		{5955912C-1B07-49F5-BEB3-9F51F9100A00}.Release|Any CPU.Build.0 = Release|Any CPU
		{1A5F16AB-0F02-4CAE-81AB-CAF8AB31E124}.Debug|Any CPU.ActiveCfg = Debug|Any CPU
		{1A5F16AB-0F02-4CAE-81AB-CAF8AB31E124}.Debug|Any CPU.Build.0 = Debug|Any CPU
		{1A5F16AB-0F02-4CAE-81AB-CAF8AB31E124}.Release|Any CPU.ActiveCfg = Release|Any CPU
		{1A5F16AB-0F02-4CAE-81AB-CAF8AB31E124}.Release|Any CPU.Build.0 = Release|Any CPU
		{88DB56FC-2E35-4FFF-9D9E-84CBEA135917}.Debug|Any CPU.ActiveCfg = Debug|Any CPU
		{88DB56FC-2E35-4FFF-9D9E-84CBEA135917}.Debug|Any CPU.Build.0 = Debug|Any CPU
		{88DB56FC-2E35-4FFF-9D9E-84CBEA135917}.Release|Any CPU.ActiveCfg = Release|Any CPU
		{88DB56FC-2E35-4FFF-9D9E-84CBEA135917}.Release|Any CPU.Build.0 = Release|Any CPU
		{6BB69AFF-E145-4A2A-A534-00081217D823}.Debug|Any CPU.ActiveCfg = Debug|Any CPU
		{6BB69AFF-E145-4A2A-A534-00081217D823}.Debug|Any CPU.Build.0 = Debug|Any CPU
		{6BB69AFF-E145-4A2A-A534-00081217D823}.Release|Any CPU.ActiveCfg = Release|Any CPU
		{6BB69AFF-E145-4A2A-A534-00081217D823}.Release|Any CPU.Build.0 = Release|Any CPU
	EndGlobalSection
	GlobalSection(SolutionProperties) = preSolution
		HideSolutionNode = FALSE
	EndGlobalSection
	GlobalSection(NestedProjects) = preSolution
		{65A5821F-324E-4663-88E1-F7959428EA8B} = {0C1F9C25-7092-46CF-B1E7-227060CD59E0}
		{91712D9B-320D-4A2E-823D-89A00F349B61} = {0C1F9C25-7092-46CF-B1E7-227060CD59E0}
		{5955912C-1B07-49F5-BEB3-9F51F9100A00} = {0C1F9C25-7092-46CF-B1E7-227060CD59E0}
		{1A5F16AB-0F02-4CAE-81AB-CAF8AB31E124} = {0C1F9C25-7092-46CF-B1E7-227060CD59E0}
		{88DB56FC-2E35-4FFF-9D9E-84CBEA135917} = {0C1F9C25-7092-46CF-B1E7-227060CD59E0}
		{6BB69AFF-E145-4A2A-A534-00081217D823} = {0C1F9C25-7092-46CF-B1E7-227060CD59E0}
	EndGlobalSection
EndGlobal
