
Microsoft Visual Studio Solution File, Format Version 12.00
# Visual Studio 14
VisualStudioVersion = 14.0.25420.1
MinimumVisualStudioVersion = 10.0.40219.1
Project("{2150E333-8FDC-42A3-9474-1A3956D46DE8}") = "src", "src", "{0C1F9C25-7092-46CF-B1E7-227060CD59E0}"
EndProject
Project("{2150E333-8FDC-42A3-9474-1A3956D46DE8}") = "Solution Items", "Solution Items", "{A385F406-F27B-4ECF-9E3D-9EDAC72EE0D8}"
	ProjectSection(SolutionItems) = preProject
		global.json = global.json
	EndProjectSection
EndProject
Project("{8BB2217D-0F2D-49D1-97BC-3654ED321F3B}") = "Quantium.Recruitment.Common", "src\Quantium.Recruitment.Common\Quantium.Recruitment.Common.xproj", "{88105D06-47C4-4F51-9DA5-F951FFE6459C}"
EndProject
Project("{8BB2217D-0F2D-49D1-97BC-3654ED321F3B}") = "Quantium.Recruitment.Entities", "src\Quantium.Recruitment.Entities\Quantium.Recruitment.Entities.xproj", "{BECC1255-8D76-4495-A3AF-E8185AE8894A}"
EndProject
Project("{8BB2217D-0F2D-49D1-97BC-3654ED321F3B}") = "Quantium.Recruitment.Portal", "src\Quantium.Recruitment.Portal\Quantium.Recruitment.Portal.xproj", "{65A5821F-324E-4663-88E1-F7959428EA8B}"
EndProject
Project("{8BB2217D-0F2D-49D1-97BC-3654ED321F3B}") = "Quantium.Recruitment.Services", "src\Quantium.Recruitment.Services\Quantium.Recruitment.Services.xproj", "{AD682957-6C56-4CA0-B2EE-62DA81706520}"
EndProject
Project("{8BB2217D-0F2D-49D1-97BC-3654ED321F3B}") = "Quantium.Recruitment.Infrastructure", "src\Quantium.Recruitment.Infrastructure\Quantium.Recruitment.Infrastructure.xproj", "{8497C5D9-F551-4A79-B1AB-D26CA1B304B5}"
EndProject
Project("{8BB2217D-0F2D-49D1-97BC-3654ED321F3B}") = "Quantium.Recruitment.DbInitialize", "src\Quantium.Recruitment.DbInitialize\Quantium.Recruitment.DbInitialize.xproj", "{1594512D-166D-43C6-9E53-0D3451929B13}"
EndProject
Global
	GlobalSection(SolutionConfigurationPlatforms) = preSolution
		Debug|Any CPU = Debug|Any CPU
		Release|Any CPU = Release|Any CPU
	EndGlobalSection
	GlobalSection(ProjectConfigurationPlatforms) = postSolution
		{88105D06-47C4-4F51-9DA5-F951FFE6459C}.Debug|Any CPU.ActiveCfg = Debug|Any CPU
		{88105D06-47C4-4F51-9DA5-F951FFE6459C}.Debug|Any CPU.Build.0 = Debug|Any CPU
		{88105D06-47C4-4F51-9DA5-F951FFE6459C}.Release|Any CPU.ActiveCfg = Release|Any CPU
		{88105D06-47C4-4F51-9DA5-F951FFE6459C}.Release|Any CPU.Build.0 = Release|Any CPU
		{BECC1255-8D76-4495-A3AF-E8185AE8894A}.Debug|Any CPU.ActiveCfg = Debug|Any CPU
		{BECC1255-8D76-4495-A3AF-E8185AE8894A}.Debug|Any CPU.Build.0 = Debug|Any CPU
		{BECC1255-8D76-4495-A3AF-E8185AE8894A}.Release|Any CPU.ActiveCfg = Release|Any CPU
		{BECC1255-8D76-4495-A3AF-E8185AE8894A}.Release|Any CPU.Build.0 = Release|Any CPU
		{65A5821F-324E-4663-88E1-F7959428EA8B}.Debug|Any CPU.ActiveCfg = Debug|Any CPU
		{65A5821F-324E-4663-88E1-F7959428EA8B}.Debug|Any CPU.Build.0 = Debug|Any CPU
		{65A5821F-324E-4663-88E1-F7959428EA8B}.Release|Any CPU.ActiveCfg = Release|Any CPU
		{65A5821F-324E-4663-88E1-F7959428EA8B}.Release|Any CPU.Build.0 = Release|Any CPU
		{AD682957-6C56-4CA0-B2EE-62DA81706520}.Debug|Any CPU.ActiveCfg = Debug|Any CPU
		{AD682957-6C56-4CA0-B2EE-62DA81706520}.Debug|Any CPU.Build.0 = Debug|Any CPU
		{AD682957-6C56-4CA0-B2EE-62DA81706520}.Release|Any CPU.ActiveCfg = Release|Any CPU
		{AD682957-6C56-4CA0-B2EE-62DA81706520}.Release|Any CPU.Build.0 = Release|Any CPU
		{8497C5D9-F551-4A79-B1AB-D26CA1B304B5}.Debug|Any CPU.ActiveCfg = Debug|Any CPU
		{8497C5D9-F551-4A79-B1AB-D26CA1B304B5}.Debug|Any CPU.Build.0 = Debug|Any CPU
		{8497C5D9-F551-4A79-B1AB-D26CA1B304B5}.Release|Any CPU.ActiveCfg = Release|Any CPU
		{8497C5D9-F551-4A79-B1AB-D26CA1B304B5}.Release|Any CPU.Build.0 = Release|Any CPU
		{1594512D-166D-43C6-9E53-0D3451929B13}.Debug|Any CPU.ActiveCfg = Debug|Any CPU
		{1594512D-166D-43C6-9E53-0D3451929B13}.Debug|Any CPU.Build.0 = Debug|Any CPU
		{1594512D-166D-43C6-9E53-0D3451929B13}.Release|Any CPU.ActiveCfg = Release|Any CPU
		{1594512D-166D-43C6-9E53-0D3451929B13}.Release|Any CPU.Build.0 = Release|Any CPU
	EndGlobalSection
	GlobalSection(SolutionProperties) = preSolution
		HideSolutionNode = FALSE
	EndGlobalSection
	GlobalSection(NestedProjects) = preSolution
		{88105D06-47C4-4F51-9DA5-F951FFE6459C} = {0C1F9C25-7092-46CF-B1E7-227060CD59E0}
		{BECC1255-8D76-4495-A3AF-E8185AE8894A} = {0C1F9C25-7092-46CF-B1E7-227060CD59E0}
		{65A5821F-324E-4663-88E1-F7959428EA8B} = {0C1F9C25-7092-46CF-B1E7-227060CD59E0}
		{AD682957-6C56-4CA0-B2EE-62DA81706520} = {0C1F9C25-7092-46CF-B1E7-227060CD59E0}
		{8497C5D9-F551-4A79-B1AB-D26CA1B304B5} = {0C1F9C25-7092-46CF-B1E7-227060CD59E0}
		{1594512D-166D-43C6-9E53-0D3451929B13} = {0C1F9C25-7092-46CF-B1E7-227060CD59E0}
	EndGlobalSection
EndGlobal
